// !$*UTF8*$!
{
	archiveVersion = 1;
	classes = {
	};
	objectVersion = 46;
	objects = {

/* Begin PBXBuildFile section */
		18D280071C8540F3009F95B2 /* main.m in Sources */ = {isa = PBXBuildFile; fileRef = 18D280061C8540F3009F95B2 /* main.m */; };
		18D2800A1C8540F3009F95B2 /* AppDelegate.m in Sources */ = {isa = PBXBuildFile; fileRef = 18D280091C8540F3009F95B2 /* AppDelegate.m */; };
		18D2800D1C8540F3009F95B2 /* ViewController.m in Sources */ = {isa = PBXBuildFile; fileRef = 18D2800C1C8540F3009F95B2 /* ViewController.m */; };
		18D280101C8540F3009F95B2 /* Main.storyboard in Resources */ = {isa = PBXBuildFile; fileRef = 18D2800E1C8540F3009F95B2 /* Main.storyboard */; };
		18D280121C8540F3009F95B2 /* Assets.xcassets in Resources */ = {isa = PBXBuildFile; fileRef = 18D280111C8540F3009F95B2 /* Assets.xcassets */; };
		18D280151C8540F3009F95B2 /* LaunchScreen.storyboard in Resources */ = {isa = PBXBuildFile; fileRef = 18D280131C8540F3009F95B2 /* LaunchScreen.storyboard */; };
		18D280201C8540F3009F95B2 /* VRPictureBrowserTests.m in Sources */ = {isa = PBXBuildFile; fileRef = 18D2801F1C8540F3009F95B2 /* VRPictureBrowserTests.m */; };
		18D2802B1C8540F3009F95B2 /* VRPictureBrowserUITests.m in Sources */ = {isa = PBXBuildFile; fileRef = 18D2802A1C8540F3009F95B2 /* VRPictureBrowserUITests.m */; };
		18D2803E1C855FB8009F95B2 /* 1.jpg in Resources */ = {isa = PBXBuildFile; fileRef = 18D280391C855FB8009F95B2 /* 1.jpg */; };
		18D2803F1C855FB8009F95B2 /* 2.jpg in Resources */ = {isa = PBXBuildFile; fileRef = 18D2803A1C855FB8009F95B2 /* 2.jpg */; };
		18D280401C855FB8009F95B2 /* 3.jpg in Resources */ = {isa = PBXBuildFile; fileRef = 18D2803B1C855FB8009F95B2 /* 3.jpg */; };
		18D280411C855FB8009F95B2 /* 4.jpg in Resources */ = {isa = PBXBuildFile; fileRef = 18D2803C1C855FB8009F95B2 /* 4.jpg */; };
		18D280421C855FB8009F95B2 /* 0.png in Resources */ = {isa = PBXBuildFile; fileRef = 18D2803D1C855FB8009F95B2 /* 0.png */; };
		18D280471C857A32009F95B2 /* OpenGLES.framework in Frameworks */ = {isa = PBXBuildFile; fileRef = 18D280461C857A32009F95B2 /* OpenGLES.framework */; };
		18D280491C857A48009F95B2 /* GLKit.framework in Frameworks */ = {isa = PBXBuildFile; fileRef = 18D280481C857A48009F95B2 /* GLKit.framework */; };
		18D2804B1C857A61009F95B2 /* CoreMotion.framework in Frameworks */ = {isa = PBXBuildFile; fileRef = 18D2804A1C857A61009F95B2 /* CoreMotion.framework */; };
		18D2804D1C857A78009F95B2 /* CoreFoundation.framework in Frameworks */ = {isa = PBXBuildFile; fileRef = 18D2804C1C857A78009F95B2 /* CoreFoundation.framework */; };
		18D2804F1C857A8B009F95B2 /* CoreGraphics.framework in Frameworks */ = {isa = PBXBuildFile; fileRef = 18D2804E1C857A8B009F95B2 /* CoreGraphics.framework */; };
		18D280511C857A95009F95B2 /* UIKit.framework in Frameworks */ = {isa = PBXBuildFile; fileRef = 18D280501C857A95009F95B2 /* UIKit.framework */; };
		4722DEBA1C917911006931A7 /* PanoramaView.m in Sources */ = {isa = PBXBuildFile; fileRef = 4722DEB91C917911006931A7 /* PanoramaView.m */; };
		475AD6381CABBFFF00A6A681 /* XW_EyesViewController.m in Sources */ = {isa = PBXBuildFile; fileRef = 475AD6371CABBFFF00A6A681 /* XW_EyesViewController.m */; };
		47B77B581C92C10500DD6062 /* IK1Y[0A~$K]A_LN2HA`OTAH.gif in Resources */ = {isa = PBXBuildFile; fileRef = 47B77B571C92C10500DD6062 /* IK1Y[0A~$K]A_LN2HA`OTAH.gif */; };
		47C573B41C92A6A80080C2F6 /* XW_ViewController.m in Sources */ = {isa = PBXBuildFile; fileRef = 47C573B31C92A6A80080C2F6 /* XW_ViewController.m */; };
		47FA1B061CB4A65D00C310E0 /* XW_selfDefineView.m in Sources */ = {isa = PBXBuildFile; fileRef = 47FA1B051CB4A65D00C310E0 /* XW_selfDefineView.m */; };
		47FA1B081CB4F9D100C310E0 /* 5.jpg in Resources */ = {isa = PBXBuildFile; fileRef = 47FA1B071CB4F9D000C310E0 /* 5.jpg */; };
		47FA1B181CB4FAF900C310E0 /* 6.jpg in Resources */ = {isa = PBXBuildFile; fileRef = 47FA1B131CB4FAF900C310E0 /* 6.jpg */; };
		47FA1B191CB4FAF900C310E0 /* 7.jpg in Resources */ = {isa = PBXBuildFile; fileRef = 47FA1B141CB4FAF900C310E0 /* 7.jpg */; };
		47FA1B1A1CB4FAF900C310E0 /* 8.jpg in Resources */ = {isa = PBXBuildFile; fileRef = 47FA1B151CB4FAF900C310E0 /* 8.jpg */; };
		47FA1B1B1CB4FAF900C310E0 /* 9.jpg in Resources */ = {isa = PBXBuildFile; fileRef = 47FA1B161CB4FAF900C310E0 /* 9.jpg */; };
		47FA1B1C1CB4FAF900C310E0 /* 10.jpg in Resources */ = {isa = PBXBuildFile; fileRef = 47FA1B171CB4FAF900C310E0 /* 10.jpg */; };
/* End PBXBuildFile section */

/* Begin PBXContainerItemProxy section */
		18D2801C1C8540F3009F95B2 /* PBXContainerItemProxy */ = {
			isa = PBXContainerItemProxy;
			containerPortal = 18D27FFA1C8540F3009F95B2 /* Project object */;
			proxyType = 1;
			remoteGlobalIDString = 18D280011C8540F3009F95B2;
			remoteInfo = VRPictureBrowser;
		};
		18D280271C8540F3009F95B2 /* PBXContainerItemProxy */ = {
			isa = PBXContainerItemProxy;
			containerPortal = 18D27FFA1C8540F3009F95B2 /* Project object */;
			proxyType = 1;
			remoteGlobalIDString = 18D280011C8540F3009F95B2;
			remoteInfo = VRPictureBrowser;
		};
/* End PBXContainerItemProxy section */

/* Begin PBXFileReference section */
		18D280021C8540F3009F95B2 /* VRPictureBrowser.app */ = {isa = PBXFileReference; explicitFileType = wrapper.application; includeInIndex = 0; path = VRPictureBrowser.app; sourceTree = BUILT_PRODUCTS_DIR; };
		18D280061C8540F3009F95B2 /* main.m */ = {isa = PBXFileReference; lastKnownFileType = sourcecode.c.objc; path = main.m; sourceTree = "<group>"; };
		18D280081C8540F3009F95B2 /* AppDelegate.h */ = {isa = PBXFileReference; lastKnownFileType = sourcecode.c.h; path = AppDelegate.h; sourceTree = "<group>"; };
		18D280091C8540F3009F95B2 /* AppDelegate.m */ = {isa = PBXFileReference; lastKnownFileType = sourcecode.c.objc; path = AppDelegate.m; sourceTree = "<group>"; };
		18D2800B1C8540F3009F95B2 /* ViewController.h */ = {isa = PBXFileReference; lastKnownFileType = sourcecode.c.h; path = ViewController.h; sourceTree = "<group>"; };
		18D2800C1C8540F3009F95B2 /* ViewController.m */ = {isa = PBXFileReference; lastKnownFileType = sourcecode.c.objc; path = ViewController.m; sourceTree = "<group>"; };
		18D2800F1C8540F3009F95B2 /* Base */ = {isa = PBXFileReference; lastKnownFileType = file.storyboard; name = Base; path = Base.lproj/Main.storyboard; sourceTree = "<group>"; };
		18D280111C8540F3009F95B2 /* Assets.xcassets */ = {isa = PBXFileReference; lastKnownFileType = folder.assetcatalog; path = Assets.xcassets; sourceTree = "<group>"; };
		18D280141C8540F3009F95B2 /* Base */ = {isa = PBXFileReference; lastKnownFileType = file.storyboard; name = Base; path = Base.lproj/LaunchScreen.storyboard; sourceTree = "<group>"; };
		18D280161C8540F3009F95B2 /* Info.plist */ = {isa = PBXFileReference; lastKnownFileType = text.plist.xml; path = Info.plist; sourceTree = "<group>"; };
		18D2801B1C8540F3009F95B2 /* VRPictureBrowserTests.xctest */ = {isa = PBXFileReference; explicitFileType = wrapper.cfbundle; includeInIndex = 0; path = VRPictureBrowserTests.xctest; sourceTree = BUILT_PRODUCTS_DIR; };
		18D2801F1C8540F3009F95B2 /* VRPictureBrowserTests.m */ = {isa = PBXFileReference; lastKnownFileType = sourcecode.c.objc; path = VRPictureBrowserTests.m; sourceTree = "<group>"; };
		18D280211C8540F3009F95B2 /* Info.plist */ = {isa = PBXFileReference; lastKnownFileType = text.plist.xml; path = Info.plist; sourceTree = "<group>"; };
		18D280261C8540F3009F95B2 /* VRPictureBrowserUITests.xctest */ = {isa = PBXFileReference; explicitFileType = wrapper.cfbundle; includeInIndex = 0; path = VRPictureBrowserUITests.xctest; sourceTree = BUILT_PRODUCTS_DIR; };
		18D2802A1C8540F3009F95B2 /* VRPictureBrowserUITests.m */ = {isa = PBXFileReference; lastKnownFileType = sourcecode.c.objc; path = VRPictureBrowserUITests.m; sourceTree = "<group>"; };
		18D2802C1C8540F3009F95B2 /* Info.plist */ = {isa = PBXFileReference; lastKnownFileType = text.plist.xml; path = Info.plist; sourceTree = "<group>"; };
		18D280391C855FB8009F95B2 /* 1.jpg */ = {isa = PBXFileReference; lastKnownFileType = image.jpeg; path = 1.jpg; sourceTree = "<group>"; };
		18D2803A1C855FB8009F95B2 /* 2.jpg */ = {isa = PBXFileReference; lastKnownFileType = image.jpeg; path = 2.jpg; sourceTree = "<group>"; };
		18D2803B1C855FB8009F95B2 /* 3.jpg */ = {isa = PBXFileReference; lastKnownFileType = image.jpeg; path = 3.jpg; sourceTree = "<group>"; };
		18D2803C1C855FB8009F95B2 /* 4.jpg */ = {isa = PBXFileReference; lastKnownFileType = image.jpeg; path = 4.jpg; sourceTree = "<group>"; };
		18D2803D1C855FB8009F95B2 /* 0.png */ = {isa = PBXFileReference; lastKnownFileType = image.png; path = 0.png; sourceTree = "<group>"; };
		18D280461C857A32009F95B2 /* OpenGLES.framework */ = {isa = PBXFileReference; lastKnownFileType = wrapper.framework; name = OpenGLES.framework; path = System/Library/Frameworks/OpenGLES.framework; sourceTree = SDKROOT; };
		18D280481C857A48009F95B2 /* GLKit.framework */ = {isa = PBXFileReference; lastKnownFileType = wrapper.framework; name = GLKit.framework; path = System/Library/Frameworks/GLKit.framework; sourceTree = SDKROOT; };
		18D2804A1C857A61009F95B2 /* CoreMotion.framework */ = {isa = PBXFileReference; lastKnownFileType = wrapper.framework; name = CoreMotion.framework; path = System/Library/Frameworks/CoreMotion.framework; sourceTree = SDKROOT; };
		18D2804C1C857A78009F95B2 /* CoreFoundation.framework */ = {isa = PBXFileReference; lastKnownFileType = wrapper.framework; name = CoreFoundation.framework; path = System/Library/Frameworks/CoreFoundation.framework; sourceTree = SDKROOT; };
		18D2804E1C857A8B009F95B2 /* CoreGraphics.framework */ = {isa = PBXFileReference; lastKnownFileType = wrapper.framework; name = CoreGraphics.framework; path = System/Library/Frameworks/CoreGraphics.framework; sourceTree = SDKROOT; };
		18D280501C857A95009F95B2 /* UIKit.framework */ = {isa = PBXFileReference; lastKnownFileType = wrapper.framework; name = UIKit.framework; path = System/Library/Frameworks/UIKit.framework; sourceTree = SDKROOT; };
		4722DEB81C917911006931A7 /* PanoramaView.h */ = {isa = PBXFileReference; fileEncoding = 4; lastKnownFileType = sourcecode.c.h; path = PanoramaView.h; sourceTree = "<group>"; };
		4722DEB91C917911006931A7 /* PanoramaView.m */ = {isa = PBXFileReference; fileEncoding = 4; lastKnownFileType = sourcecode.c.objc; path = PanoramaView.m; sourceTree = "<group>"; };
		475AD6361CABBFFF00A6A681 /* XW_EyesViewController.h */ = {isa = PBXFileReference; fileEncoding = 4; lastKnownFileType = sourcecode.c.h; path = XW_EyesViewController.h; sourceTree = "<group>"; };
		475AD6371CABBFFF00A6A681 /* XW_EyesViewController.m */ = {isa = PBXFileReference; fileEncoding = 4; lastKnownFileType = sourcecode.c.objc; path = XW_EyesViewController.m; sourceTree = "<group>"; };
		47B77B571C92C10500DD6062 /* IK1Y[0A~$K]A_LN2HA`OTAH.gif */ = {isa = PBXFileReference; lastKnownFileType = image.gif; path = "IK1Y[0A~$K]A_LN2HA`OTAH.gif"; sourceTree = "<group>"; };
		47C573B21C92A6A80080C2F6 /* XW_ViewController.h */ = {isa = PBXFileReference; fileEncoding = 4; lastKnownFileType = sourcecode.c.h; path = XW_ViewController.h; sourceTree = "<group>"; };
		47C573B31C92A6A80080C2F6 /* XW_ViewController.m */ = {isa = PBXFileReference; fileEncoding = 4; lastKnownFileType = sourcecode.c.objc; path = XW_ViewController.m; sourceTree = "<group>"; };
		47FA1B041CB4A65D00C310E0 /* XW_selfDefineView.h */ = {isa = PBXFileReference; fileEncoding = 4; lastKnownFileType = sourcecode.c.h; path = XW_selfDefineView.h; sourceTree = "<group>"; };
		47FA1B051CB4A65D00C310E0 /* XW_selfDefineView.m */ = {isa = PBXFileReference; fileEncoding = 4; lastKnownFileType = sourcecode.c.objc; path = XW_selfDefineView.m; sourceTree = "<group>"; };
		47FA1B071CB4F9D000C310E0 /* 5.jpg */ = {isa = PBXFileReference; lastKnownFileType = image.jpeg; path = 5.jpg; sourceTree = "<group>"; };
		47FA1B131CB4FAF900C310E0 /* 6.jpg */ = {isa = PBXFileReference; lastKnownFileType = image.jpeg; path = 6.jpg; sourceTree = "<group>"; };
		47FA1B141CB4FAF900C310E0 /* 7.jpg */ = {isa = PBXFileReference; lastKnownFileType = image.jpeg; path = 7.jpg; sourceTree = "<group>"; };
		47FA1B151CB4FAF900C310E0 /* 8.jpg */ = {isa = PBXFileReference; lastKnownFileType = image.jpeg; path = 8.jpg; sourceTree = "<group>"; };
		47FA1B161CB4FAF900C310E0 /* 9.jpg */ = {isa = PBXFileReference; lastKnownFileType = image.jpeg; path = 9.jpg; sourceTree = "<group>"; };
		47FA1B171CB4FAF900C310E0 /* 10.jpg */ = {isa = PBXFileReference; lastKnownFileType = image.jpeg; path = 10.jpg; sourceTree = "<group>"; };
/* End PBXFileReference section */

/* Begin PBXFrameworksBuildPhase section */
		18D27FFF1C8540F3009F95B2 /* Frameworks */ = {
			isa = PBXFrameworksBuildPhase;
			buildActionMask = 2147483647;
			files = (
				18D280511C857A95009F95B2 /* UIKit.framework in Frameworks */,
				18D2804F1C857A8B009F95B2 /* CoreGraphics.framework in Frameworks */,
				18D2804D1C857A78009F95B2 /* CoreFoundation.framework in Frameworks */,
				18D2804B1C857A61009F95B2 /* CoreMotion.framework in Frameworks */,
				18D280491C857A48009F95B2 /* GLKit.framework in Frameworks */,
				18D280471C857A32009F95B2 /* OpenGLES.framework in Frameworks */,
			);
			runOnlyForDeploymentPostprocessing = 0;
		};
		18D280181C8540F3009F95B2 /* Frameworks */ = {
			isa = PBXFrameworksBuildPhase;
			buildActionMask = 2147483647;
			files = (
			);
			runOnlyForDeploymentPostprocessing = 0;
		};
		18D280231C8540F3009F95B2 /* Frameworks */ = {
			isa = PBXFrameworksBuildPhase;
			buildActionMask = 2147483647;
			files = (
			);
			runOnlyForDeploymentPostprocessing = 0;
		};
/* End PBXFrameworksBuildPhase section */

/* Begin PBXGroup section */
		18D27FF91C8540F3009F95B2 = {
			isa = PBXGroup;
			children = (
				47B77B571C92C10500DD6062 /* IK1Y[0A~$K]A_LN2HA`OTAH.gif */,
				18D280041C8540F3009F95B2 /* VRPictureBrowser */,
				18D2801E1C8540F3009F95B2 /* VRPictureBrowserTests */,
				18D280291C8540F3009F95B2 /* VRPictureBrowserUITests */,
				18D280031C8540F3009F95B2 /* Products */,
			);
			sourceTree = "<group>";
		};
		18D280031C8540F3009F95B2 /* Products */ = {
			isa = PBXGroup;
			children = (
				18D280021C8540F3009F95B2 /* VRPictureBrowser.app */,
				18D2801B1C8540F3009F95B2 /* VRPictureBrowserTests.xctest */,
				18D280261C8540F3009F95B2 /* VRPictureBrowserUITests.xctest */,
			);
			name = Products;
			sourceTree = "<group>";
		};
		18D280041C8540F3009F95B2 /* VRPictureBrowser */ = {
			isa = PBXGroup;
			children = (
				4722DEB71C917785006931A7 /* FrameWorks */,
				18D280381C855FB8009F95B2 /* images */,
				18D280081C8540F3009F95B2 /* AppDelegate.h */,
				18D280091C8540F3009F95B2 /* AppDelegate.m */,
				18D2800B1C8540F3009F95B2 /* ViewController.h */,
				18D2800C1C8540F3009F95B2 /* ViewController.m */,
				4722DEB81C917911006931A7 /* PanoramaView.h */,
				4722DEB91C917911006931A7 /* PanoramaView.m */,
				47C573B21C92A6A80080C2F6 /* XW_ViewController.h */,
				47C573B31C92A6A80080C2F6 /* XW_ViewController.m */,
				475AD6361CABBFFF00A6A681 /* XW_EyesViewController.h */,
				475AD6371CABBFFF00A6A681 /* XW_EyesViewController.m */,
				47FA1B041CB4A65D00C310E0 /* XW_selfDefineView.h */,
				47FA1B051CB4A65D00C310E0 /* XW_selfDefineView.m */,
				18D2800E1C8540F3009F95B2 /* Main.storyboard */,
				18D280111C8540F3009F95B2 /* Assets.xcassets */,
				18D280131C8540F3009F95B2 /* LaunchScreen.storyboard */,
				18D280161C8540F3009F95B2 /* Info.plist */,
				18D280051C8540F3009F95B2 /* Supporting Files */,
			);
			path = VRPictureBrowser;
			sourceTree = "<group>";
		};
		18D280051C8540F3009F95B2 /* Supporting Files */ = {
			isa = PBXGroup;
			children = (
				18D280061C8540F3009F95B2 /* main.m */,
			);
			name = "Supporting Files";
			sourceTree = "<group>";
		};
		18D2801E1C8540F3009F95B2 /* VRPictureBrowserTests */ = {
			isa = PBXGroup;
			children = (
				18D2801F1C8540F3009F95B2 /* VRPictureBrowserTests.m */,
				18D280211C8540F3009F95B2 /* Info.plist */,
			);
			path = VRPictureBrowserTests;
			sourceTree = "<group>";
		};
		18D280291C8540F3009F95B2 /* VRPictureBrowserUITests */ = {
			isa = PBXGroup;
			children = (
				18D2802A1C8540F3009F95B2 /* VRPictureBrowserUITests.m */,
				18D2802C1C8540F3009F95B2 /* Info.plist */,
			);
			path = VRPictureBrowserUITests;
			sourceTree = "<group>";
		};
		18D280381C855FB8009F95B2 /* images */ = {
			isa = PBXGroup;
			children = (
				18D280391C855FB8009F95B2 /* 1.jpg */,
				18D2803A1C855FB8009F95B2 /* 2.jpg */,
				18D2803B1C855FB8009F95B2 /* 3.jpg */,
				18D2803C1C855FB8009F95B2 /* 4.jpg */,
				47FA1B071CB4F9D000C310E0 /* 5.jpg */,
				47FA1B131CB4FAF900C310E0 /* 6.jpg */,
				47FA1B141CB4FAF900C310E0 /* 7.jpg */,
				47FA1B151CB4FAF900C310E0 /* 8.jpg */,
				47FA1B161CB4FAF900C310E0 /* 9.jpg */,
				47FA1B171CB4FAF900C310E0 /* 10.jpg */,
				18D2803D1C855FB8009F95B2 /* 0.png */,
			);
			path = images;
			sourceTree = "<group>";
		};
		4722DEB71C917785006931A7 /* FrameWorks */ = {
			isa = PBXGroup;
			children = (
				18D280501C857A95009F95B2 /* UIKit.framework */,
				18D2804E1C857A8B009F95B2 /* CoreGraphics.framework */,
				18D2804C1C857A78009F95B2 /* CoreFoundation.framework */,
				18D2804A1C857A61009F95B2 /* CoreMotion.framework */,
				18D280481C857A48009F95B2 /* GLKit.framework */,
				18D280461C857A32009F95B2 /* OpenGLES.framework */,
			);
			path = FrameWorks;
			sourceTree = "<group>";
		};
/* End PBXGroup section */

/* Begin PBXNativeTarget section */
		18D280011C8540F3009F95B2 /* VRPictureBrowser */ = {
			isa = PBXNativeTarget;
			buildConfigurationList = 18D2802F1C8540F3009F95B2 /* Build configuration list for PBXNativeTarget "VRPictureBrowser" */;
			buildPhases = (
				18D27FFE1C8540F3009F95B2 /* Sources */,
				18D27FFF1C8540F3009F95B2 /* Frameworks */,
				18D280001C8540F3009F95B2 /* Resources */,
			);
			buildRules = (
			);
			dependencies = (
			);
			name = VRPictureBrowser;
			productName = VRPictureBrowser;
			productReference = 18D280021C8540F3009F95B2 /* VRPictureBrowser.app */;
			productType = "com.apple.product-type.application";
		};
		18D2801A1C8540F3009F95B2 /* VRPictureBrowserTests */ = {
			isa = PBXNativeTarget;
			buildConfigurationList = 18D280321C8540F3009F95B2 /* Build configuration list for PBXNativeTarget "VRPictureBrowserTests" */;
			buildPhases = (
				18D280171C8540F3009F95B2 /* Sources */,
				18D280181C8540F3009F95B2 /* Frameworks */,
				18D280191C8540F3009F95B2 /* Resources */,
			);
			buildRules = (
			);
			dependencies = (
				18D2801D1C8540F3009F95B2 /* PBXTargetDependency */,
			);
			name = VRPictureBrowserTests;
			productName = VRPictureBrowserTests;
			productReference = 18D2801B1C8540F3009F95B2 /* VRPictureBrowserTests.xctest */;
			productType = "com.apple.product-type.bundle.unit-test";
		};
		18D280251C8540F3009F95B2 /* VRPictureBrowserUITests */ = {
			isa = PBXNativeTarget;
			buildConfigurationList = 18D280351C8540F3009F95B2 /* Build configuration list for PBXNativeTarget "VRPictureBrowserUITests" */;
			buildPhases = (
				18D280221C8540F3009F95B2 /* Sources */,
				18D280231C8540F3009F95B2 /* Frameworks */,
				18D280241C8540F3009F95B2 /* Resources */,
			);
			buildRules = (
			);
			dependencies = (
				18D280281C8540F3009F95B2 /* PBXTargetDependency */,
			);
			name = VRPictureBrowserUITests;
			productName = VRPictureBrowserUITests;
			productReference = 18D280261C8540F3009F95B2 /* VRPictureBrowserUITests.xctest */;
			productType = "com.apple.product-type.bundle.ui-testing";
		};
/* End PBXNativeTarget section */

/* Begin PBXProject section */
		18D27FFA1C8540F3009F95B2 /* Project object */ = {
			isa = PBXProject;
			attributes = {
				CLASSPREFIX = XW_;
				LastUpgradeCheck = 0720;
				ORGANIZATIONNAME = PaPaTV.COM;
				TargetAttributes = {
					18D280011C8540F3009F95B2 = {
						CreatedOnToolsVersion = 7.2.1;
						DevelopmentTeam = 7H5BBPFH5T;
					};
					18D2801A1C8540F3009F95B2 = {
						CreatedOnToolsVersion = 7.2.1;
						TestTargetID = 18D280011C8540F3009F95B2;
					};
					18D280251C8540F3009F95B2 = {
						CreatedOnToolsVersion = 7.2.1;
						TestTargetID = 18D280011C8540F3009F95B2;
					};
				};
			};
			buildConfigurationList = 18D27FFD1C8540F3009F95B2 /* Build configuration list for PBXProject "VRPictureBrowser" */;
			compatibilityVersion = "Xcode 3.2";
			developmentRegion = English;
			hasScannedForEncodings = 0;
			knownRegions = (
				en,
				Base,
			);
			mainGroup = 18D27FF91C8540F3009F95B2;
			productRefGroup = 18D280031C8540F3009F95B2 /* Products */;
			projectDirPath = "";
			projectRoot = "";
			targets = (
				18D280011C8540F3009F95B2 /* VRPictureBrowser */,
				18D2801A1C8540F3009F95B2 /* VRPictureBrowserTests */,
				18D280251C8540F3009F95B2 /* VRPictureBrowserUITests */,
			);
		};
/* End PBXProject section */

/* Begin PBXResourcesBuildPhase section */
		18D280001C8540F3009F95B2 /* Resources */ = {
			isa = PBXResourcesBuildPhase;
			buildActionMask = 2147483647;
			files = (
				47FA1B181CB4FAF900C310E0 /* 6.jpg in Resources */,
				18D280151C8540F3009F95B2 /* LaunchScreen.storyboard in Resources */,
				47FA1B081CB4F9D100C310E0 /* 5.jpg in Resources */,
				47FA1B191CB4FAF900C310E0 /* 7.jpg in Resources */,
				18D280411C855FB8009F95B2 /* 4.jpg in Resources */,
				47FA1B1A1CB4FAF900C310E0 /* 8.jpg in Resources */,
				18D2803E1C855FB8009F95B2 /* 1.jpg in Resources */,
				18D2803F1C855FB8009F95B2 /* 2.jpg in Resources */,
				18D280401C855FB8009F95B2 /* 3.jpg in Resources */,
				47FA1B1B1CB4FAF900C310E0 /* 9.jpg in Resources */,
				47FA1B1C1CB4FAF900C310E0 /* 10.jpg in Resources */,
				18D280421C855FB8009F95B2 /* 0.png in Resources */,
				18D280121C8540F3009F95B2 /* Assets.xcassets in Resources */,
				47B77B581C92C10500DD6062 /* IK1Y[0A~$K]A_LN2HA`OTAH.gif in Resources */,
				18D280101C8540F3009F95B2 /* Main.storyboard in Resources */,
			);
			runOnlyForDeploymentPostprocessing = 0;
		};
		18D280191C8540F3009F95B2 /* Resources */ = {
			isa = PBXResourcesBuildPhase;
			buildActionMask = 2147483647;
			files = (
			);
			runOnlyForDeploymentPostprocessing = 0;
		};
		18D280241C8540F3009F95B2 /* Resources */ = {
			isa = PBXResourcesBuildPhase;
			buildActionMask = 2147483647;
			files = (
			);
			runOnlyForDeploymentPostprocessing = 0;
		};
/* End PBXResourcesBuildPhase section */

/* Begin PBXSourcesBuildPhase section */
		18D27FFE1C8540F3009F95B2 /* Sources */ = {
			isa = PBXSourcesBuildPhase;
			buildActionMask = 2147483647;
			files = (
				47FA1B061CB4A65D00C310E0 /* XW_selfDefineView.m in Sources */,
				18D2800D1C8540F3009F95B2 /* ViewController.m in Sources */,
				475AD6381CABBFFF00A6A681 /* XW_EyesViewController.m in Sources */,
				18D2800A1C8540F3009F95B2 /* AppDelegate.m in Sources */,
				47C573B41C92A6A80080C2F6 /* XW_ViewController.m in Sources */,
				4722DEBA1C917911006931A7 /* PanoramaView.m in Sources */,
				18D280071C8540F3009F95B2 /* main.m in Sources */,
			);
			runOnlyForDeploymentPostprocessing = 0;
		};
		18D280171C8540F3009F95B2 /* Sources */ = {
			isa = PBXSourcesBuildPhase;
			buildActionMask = 2147483647;
			files = (
				18D280201C8540F3009F95B2 /* VRPictureBrowserTests.m in Sources */,
			);
			runOnlyForDeploymentPostprocessing = 0;
		};
		18D280221C8540F3009F95B2 /* Sources */ = {
			isa = PBXSourcesBuildPhase;
			buildActionMask = 2147483647;
			files = (
				18D2802B1C8540F3009F95B2 /* VRPictureBrowserUITests.m in Sources */,
			);
			runOnlyForDeploymentPostprocessing = 0;
		};
/* End PBXSourcesBuildPhase section */

/* Begin PBXTargetDependency section */
		18D2801D1C8540F3009F95B2 /* PBXTargetDependency */ = {
			isa = PBXTargetDependency;
			target = 18D280011C8540F3009F95B2 /* VRPictureBrowser */;
			targetProxy = 18D2801C1C8540F3009F95B2 /* PBXContainerItemProxy */;
		};
		18D280281C8540F3009F95B2 /* PBXTargetDependency */ = {
			isa = PBXTargetDependency;
			target = 18D280011C8540F3009F95B2 /* VRPictureBrowser */;
			targetProxy = 18D280271C8540F3009F95B2 /* PBXContainerItemProxy */;
		};
/* End PBXTargetDependency section */

/* Begin PBXVariantGroup section */
		18D2800E1C8540F3009F95B2 /* Main.storyboard */ = {
			isa = PBXVariantGroup;
			children = (
				18D2800F1C8540F3009F95B2 /* Base */,
			);
			name = Main.storyboard;
			sourceTree = "<group>";
		};
		18D280131C8540F3009F95B2 /* LaunchScreen.storyboard */ = {
			isa = PBXVariantGroup;
			children = (
				18D280141C8540F3009F95B2 /* Base */,
			);
			name = LaunchScreen.storyboard;
			sourceTree = "<group>";
		};
/* End PBXVariantGroup section */

/* Begin XCBuildConfiguration section */
		18D2802D1C8540F3009F95B2 /* Debug */ = {
			isa = XCBuildConfiguration;
			buildSettings = {
				ALWAYS_SEARCH_USER_PATHS = NO;
				CLANG_CXX_LANGUAGE_STANDARD = "gnu++0x";
				CLANG_CXX_LIBRARY = "libc++";
				CLANG_ENABLE_MODULES = YES;
				CLANG_ENABLE_OBJC_ARC = YES;
				CLANG_WARN_BOOL_CONVERSION = YES;
				CLANG_WARN_CONSTANT_CONVERSION = YES;
				CLANG_WARN_DIRECT_OBJC_ISA_USAGE = YES_ERROR;
				CLANG_WARN_EMPTY_BODY = YES;
				CLANG_WARN_ENUM_CONVERSION = YES;
				CLANG_WARN_INT_CONVERSION = YES;
				CLANG_WARN_OBJC_ROOT_CLASS = YES_ERROR;
				CLANG_WARN_UNREACHABLE_CODE = YES;
				CLANG_WARN__DUPLICATE_METHOD_MATCH = YES;
				"CODE_SIGN_IDENTITY[sdk=iphoneos*]" = "iPhone Developer";
				COPY_PHASE_STRIP = NO;
				DEBUG_INFORMATION_FORMAT = dwarf;
				ENABLE_STRICT_OBJC_MSGSEND = YES;
				ENABLE_TESTABILITY = YES;
				GCC_C_LANGUAGE_STANDARD = gnu99;
				GCC_DYNAMIC_NO_PIC = NO;
				GCC_NO_COMMON_BLOCKS = YES;
				GCC_OPTIMIZATION_LEVEL = 0;
				GCC_PREPROCESSOR_DEFINITIONS = (
					"DEBUG=1",
					"$(inherited)",
				);
				GCC_WARN_64_TO_32_BIT_CONVERSION = YES;
				GCC_WARN_ABOUT_RETURN_TYPE = YES_ERROR;
				GCC_WARN_UNDECLARED_SELECTOR = YES;
				GCC_WARN_UNINITIALIZED_AUTOS = YES_AGGRESSIVE;
				GCC_WARN_UNUSED_FUNCTION = YES;
				GCC_WARN_UNUSED_VARIABLE = YES;
				IPHONEOS_DEPLOYMENT_TARGET = 9.2;
				MTL_ENABLE_DEBUG_INFO = YES;
				ONLY_ACTIVE_ARCH = YES;
				SDKROOT = iphoneos;
			};
			name = Debug;
		};
		18D2802E1C8540F3009F95B2 /* Release */ = {
			isa = XCBuildConfiguration;
			buildSettings = {
				ALWAYS_SEARCH_USER_PATHS = NO;
				CLANG_CXX_LANGUAGE_STANDARD = "gnu++0x";
				CLANG_CXX_LIBRARY = "libc++";
				CLANG_ENABLE_MODULES = YES;
				CLANG_ENABLE_OBJC_ARC = YES;
				CLANG_WARN_BOOL_CONVERSION = YES;
				CLANG_WARN_CONSTANT_CONVERSION = YES;
				CLANG_WARN_DIRECT_OBJC_ISA_USAGE = YES_ERROR;
				CLANG_WARN_EMPTY_BODY = YES;
				CLANG_WARN_ENUM_CONVERSION = YES;
				CLANG_WARN_INT_CONVERSION = YES;
				CLANG_WARN_OBJC_ROOT_CLASS = YES_ERROR;
				CLANG_WARN_UNREACHABLE_CODE = YES;
				CLANG_WARN__DUPLICATE_METHOD_MATCH = YES;
				"CODE_SIGN_IDENTITY[sdk=iphoneos*]" = "iPhone Developer";
				COPY_PHASE_STRIP = NO;
				DEBUG_INFORMATION_FORMAT = "dwarf-with-dsym";
				ENABLE_NS_ASSERTIONS = NO;
				ENABLE_STRICT_OBJC_MSGSEND = YES;
				GCC_C_LANGUAGE_STANDARD = gnu99;
				GCC_NO_COMMON_BLOCKS = YES;
				GCC_WARN_64_TO_32_BIT_CONVERSION = YES;
				GCC_WARN_ABOUT_RETURN_TYPE = YES_ERROR;
				GCC_WARN_UNDECLARED_SELECTOR = YES;
				GCC_WARN_UNINITIALIZED_AUTOS = YES_AGGRESSIVE;
				GCC_WARN_UNUSED_FUNCTION = YES;
				GCC_WARN_UNUSED_VARIABLE = YES;
				IPHONEOS_DEPLOYMENT_TARGET = 9.2;
				MTL_ENABLE_DEBUG_INFO = NO;
				SDKROOT = iphoneos;
				VALIDATE_PRODUCT = YES;
			};
			name = Release;
		};
		18D280301C8540F3009F95B2 /* Debug */ = {
			isa = XCBuildConfiguration;
			buildSettings = {
				ASSETCATALOG_COMPILER_APPICON_NAME = AppIcon;
				CODE_SIGN_IDENTITY = "iPhone Developer";
				"CODE_SIGN_IDENTITY[sdk=iphoneos*]" = "iPhone Developer";
				INFOPLIST_FILE = VRPictureBrowser/Info.plist;
				IPHONEOS_DEPLOYMENT_TARGET = 9.3;
				LD_RUNPATH_SEARCH_PATHS = "$(inherited) @executable_path/Frameworks";
				PRODUCT_BUNDLE_IDENTIFIER = VRPictureBrowser;
				PRODUCT_NAME = "$(TARGET_NAME)";
				PROVISIONING_PROFILE = "";
			};
			name = Debug;
		};
		18D280311C8540F3009F95B2 /* Release */ = {
			isa = XCBuildConfiguration;
			buildSettings = {
				ASSETCATALOG_COMPILER_APPICON_NAME = AppIcon;
				CODE_SIGN_IDENTITY = "iPhone Developer";
				"CODE_SIGN_IDENTITY[sdk=iphoneos*]" = "iPhone Developer";
				INFOPLIST_FILE = VRPictureBrowser/Info.plist;
				IPHONEOS_DEPLOYMENT_TARGET = 9.3;
				LD_RUNPATH_SEARCH_PATHS = "$(inherited) @executable_path/Frameworks";
				PRODUCT_BUNDLE_IDENTIFIER = VRPictureBrowser;
				PRODUCT_NAME = "$(TARGET_NAME)";
				PROVISIONING_PROFILE = "";
			};
			name = Release;
		};
		18D280331C8540F3009F95B2 /* Debug */ = {
			isa = XCBuildConfiguration;
			buildSettings = {
				BUNDLE_LOADER = "$(TEST_HOST)";
				INFOPLIST_FILE = VRPictureBrowserTests/Info.plist;
				LD_RUNPATH_SEARCH_PATHS = "$(inherited) @executable_path/Frameworks @loader_path/Frameworks";
				PRODUCT_BUNDLE_IDENTIFIER = com.papatv.www.VRPictureBrowserTests;
				PRODUCT_NAME = "$(TARGET_NAME)";
				TEST_HOST = "$(BUILT_PRODUCTS_DIR)/VRPictureBrowser.app/VRPictureBrowser";
			};
			name = Debug;
		};
		18D280341C8540F3009F95B2 /* Release */ = {
			isa = XCBuildConfiguration;
			buildSettings = {
				BUNDLE_LOADER = "$(TEST_HOST)";
				INFOPLIST_FILE = VRPictureBrowserTests/Info.plist;
				LD_RUNPATH_SEARCH_PATHS = "$(inherited) @executable_path/Frameworks @loader_path/Frameworks";
				PRODUCT_BUNDLE_IDENTIFIER = com.papatv.www.VRPictureBrowserTests;
				PRODUCT_NAME = "$(TARGET_NAME)";
				TEST_HOST = "$(BUILT_PRODUCTS_DIR)/VRPictureBrowser.app/VRPictureBrowser";
			};
			name = Release;
		};
		18D280361C8540F3009F95B2 /* Debug */ = {
			isa = XCBuildConfiguration;
			buildSettings = {
				INFOPLIST_FILE = VRPictureBrowserUITests/Info.plist;
				LD_RUNPATH_SEARCH_PATHS = "$(inherited) @executable_path/Frameworks @loader_path/Frameworks";
				PRODUCT_BUNDLE_IDENTIFIER = com.papatv.www.VRPictureBrowserUITests;
				PRODUCT_NAME = "$(TARGET_NAME)";
				TEST_TARGET_NAME = VRPictureBrowser;
				USES_XCTRUNNER = YES;
			};
			name = Debug;
		};
		18D280371C8540F3009F95B2 /* Release */ = {
			isa = XCBuildConfiguration;
			buildSettings = {
				INFOPLIST_FILE = VRPictureBrowserUITests/Info.plist;
				LD_RUNPATH_SEARCH_PATHS = "$(inherited) @executable_path/Frameworks @loader_path/Frameworks";
				PRODUCT_BUNDLE_IDENTIFIER = com.papatv.www.VRPictureBrowserUITests;
				PRODUCT_NAME = "$(TARGET_NAME)";
				TEST_TARGET_NAME = VRPictureBrowser;
				USES_XCTRUNNER = YES;
			};
			name = Release;
		};
/* End XCBuildConfiguration section */

/* Begin XCConfigurationList section */
		18D27FFD1C8540F3009F95B2 /* Build configuration list for PBXProject "VRPictureBrowser" */ = {
			isa = XCConfigurationList;
			buildConfigurations = (
				18D2802D1C8540F3009F95B2 /* Debug */,
				18D2802E1C8540F3009F95B2 /* Release */,
			);
			defaultConfigurationIsVisible = 0;
			defaultConfigurationName = Release;
		};
		18D2802F1C8540F3009F95B2 /* Build configuration list for PBXNativeTarget "VRPictureBrowser" */ = {
			isa = XCConfigurationList;
			buildConfigurations = (
				18D280301C8540F3009F95B2 /* Debug */,
				18D280311C8540F3009F95B2 /* Release */,
			);
			defaultConfigurationIsVisible = 0;
			defaultConfigurationName = Release;
		};
		18D280321C8540F3009F95B2 /* Build configuration list for PBXNativeTarget "VRPictureBrowserTests" */ = {
			isa = XCConfigurationList;
			buildConfigurations = (
				18D280331C8540F3009F95B2 /* Debug */,
				18D280341C8540F3009F95B2 /* Release */,
			);
			defaultConfigurationIsVisible = 0;
			defaultConfigurationName = Release;
		};
		18D280351C8540F3009F95B2 /* Build configuration list for PBXNativeTarget "VRPictureBrowserUITests" */ = {
			isa = XCConfigurationList;
			buildConfigurations = (
				18D280361C8540F3009F95B2 /* Debug */,
				18D280371C8540F3009F95B2 /* Release */,
			);
			defaultConfigurationIsVisible = 0;
			defaultConfigurationName = Release;
		};
/* End XCConfigurationList section */
	};
	rootObject = 18D27FFA1C8540F3009F95B2 /* Project object */;
}
